
Microsoft Visual Studio Solution File, Format Version 12.00
# Visual Studio 15
VisualStudioVersion = 15.0.27130.2027
MinimumVisualStudioVersion = 10.0.40219.1
Project("{888888A0-9F3D-457C-B088-3A5042F75D52}") = "MastersSemestralProject", "MastersSemestralProject\MastersSemestralProject.pyproj", "{FBD0418A-9546-409D-B461-34FD07B7B7DF}"
EndProject
Global
	GlobalSection(SolutionConfigurationPlatforms) = preSolution
		Debug|Any CPU = Debug|Any CPU
		Release|Any CPU = Release|Any CPU
	EndGlobalSection
	GlobalSection(ProjectConfigurationPlatforms) = postSolution
		{FBD0418A-9546-409D-B461-34FD07B7B7DF}.Debug|Any CPU.ActiveCfg = Debug|Any CPU
		{FBD0418A-9546-409D-B461-34FD07B7B7DF}.Release|Any CPU.ActiveCfg = Release|Any CPU
	EndGlobalSection
	GlobalSection(SolutionProperties) = preSolution
		HideSolutionNode = FALSE
	EndGlobalSection
	GlobalSection(ExtensibilityGlobals) = postSolution
		SolutionGuid = {8C92E235-C2DD-4308-A099-402AC728E3FC}
	EndGlobalSection
EndGlobal
